
Microsoft Visual Studio Solution File, Format Version 12.00
# Visual Studio Version 17
VisualStudioVersion = 17.2.32616.157
MinimumVisualStudioVersion = 10.0.40219.1
Project("{9A19103F-16F7-4668-BE54-9A1E7A4F7556}") = "Librarian.Tests", "Librarian.Tests\Librarian.Tests.csproj", "{FB097C98-FA12-4070-97ED-8D6CC43B90B2}"
	ProjectSection(ProjectDependencies) = postProject
		{E1A59A03-0276-4479-91E7-FAD1A6258298} = {E1A59A03-0276-4479-91E7-FAD1A6258298}
	EndProjectSection
EndProject
Project("{9A19103F-16F7-4668-BE54-9A1E7A4F7556}") = "Librarian.Common", "Librarian.Common\Librarian.Common.csproj", "{949AC5C1-9540-41ED-8B0F-BA991F788527}"
EndProject
Project("{9A19103F-16F7-4668-BE54-9A1E7A4F7556}") = "Librarian.Server", "Librarian.Server\Librarian.Server.csproj", "{E1A59A03-0276-4479-91E7-FAD1A6258298}"
	ProjectSection(ProjectDependencies) = postProject
		{57F4FEDD-B405-4F4B-A98C-5D4FA76902A8} = {57F4FEDD-B405-4F4B-A98C-5D4FA76902A8}
		{86F6166F-11B7-4C75-85B1-39CA51FF53DB} = {86F6166F-11B7-4C75-85B1-39CA51FF53DB}
		{949AC5C1-9540-41ED-8B0F-BA991F788527} = {949AC5C1-9540-41ED-8B0F-BA991F788527}
	EndProjectSection
EndProject
Project("{9A19103F-16F7-4668-BE54-9A1E7A4F7556}") = "Librarian.Sephirah", "Librarian.Sephirah\Librarian.Sephirah.csproj", "{86F6166F-11B7-4C75-85B1-39CA51FF53DB}"
	ProjectSection(ProjectDependencies) = postProject
		{57F4FEDD-B405-4F4B-A98C-5D4FA76902A8} = {57F4FEDD-B405-4F4B-A98C-5D4FA76902A8}
		{949AC5C1-9540-41ED-8B0F-BA991F788527} = {949AC5C1-9540-41ED-8B0F-BA991F788527}
	EndProjectSection
EndProject
Project("{9A19103F-16F7-4668-BE54-9A1E7A4F7556}") = "Librarian.Porter", "Librarian.Porter\Librarian.Porter.csproj", "{BE150A43-DA6B-41A8-BDC3-225102712A69}"
	ProjectSection(ProjectDependencies) = postProject
		{949AC5C1-9540-41ED-8B0F-BA991F788527} = {949AC5C1-9540-41ED-8B0F-BA991F788527}
	EndProjectSection
EndProject
Project("{9A19103F-16F7-4668-BE54-9A1E7A4F7556}") = "Librarian.ThirdParty", "Librarian.ThirdParty\Librarian.ThirdParty.csproj", "{53F5F742-C2A5-41FB-99DD-5BDE64E9954F}"
	ProjectSection(ProjectDependencies) = postProject
		{949AC5C1-9540-41ED-8B0F-BA991F788527} = {949AC5C1-9540-41ED-8B0F-BA991F788527}
	EndProjectSection
EndProject
Project("{9A19103F-16F7-4668-BE54-9A1E7A4F7556}") = "Librarian.Angela", "Librarian.Angela\Librarian.Angela.csproj", "{57F4FEDD-B405-4F4B-A98C-5D4FA76902A8}"
	ProjectSection(ProjectDependencies) = postProject
		{949AC5C1-9540-41ED-8B0F-BA991F788527} = {949AC5C1-9540-41ED-8B0F-BA991F788527}
	EndProjectSection
EndProject
Project("{FAE04EC0-301F-11D3-BF4B-00C04F79EFBC}") = "Librarian.Porter.Server", "Librarian.Porter.Server\Librarian.Porter.Server.csproj", "{B5202639-F0D7-4A28-B37B-1D85FF7EAF44}"
EndProject
Project("{FAE04EC0-301F-11D3-BF4B-00C04F79EFBC}") = "Librarian.Sephirah.Server", "Librarian.Sephirah.Server\Librarian.Sephirah.Server.csproj", "{98D8AC39-FF1A-4AA1-85E9-363E0085FFAE}"
EndProject
Project("{FAE04EC0-301F-11D3-BF4B-00C04F79EFBC}") = "Librarian.Sentinel", "Librarian.Sentinel\Librarian.Sentinel.csproj", "{718A0218-8138-424B-B1A6-3167E5C96D69}"
EndProject
Project("{FAE04EC0-301F-11D3-BF4B-00C04F79EFBC}") = "Librarian.Angela.BlazorServer", "Librarian.Angela.BlazorServer\Librarian.Angela.BlazorServer.csproj", "{7E454731-66F2-4B05-9348-29F4BB3E5C07}"
EndProject
Global
	GlobalSection(SolutionConfigurationPlatforms) = preSolution
		Debug|Any CPU = Debug|Any CPU
		Release|Any CPU = Release|Any CPU
	EndGlobalSection
	GlobalSection(ProjectConfigurationPlatforms) = postSolution
		{FB097C98-FA12-4070-97ED-8D6CC43B90B2}.Debug|Any CPU.ActiveCfg = Debug|Any CPU
		{FB097C98-FA12-4070-97ED-8D6CC43B90B2}.Debug|Any CPU.Build.0 = Debug|Any CPU
		{FB097C98-FA12-4070-97ED-8D6CC43B90B2}.Release|Any CPU.ActiveCfg = Release|Any CPU
		{FB097C98-FA12-4070-97ED-8D6CC43B90B2}.Release|Any CPU.Build.0 = Release|Any CPU
		{949AC5C1-9540-41ED-8B0F-BA991F788527}.Debug|Any CPU.ActiveCfg = Debug|Any CPU
		{949AC5C1-9540-41ED-8B0F-BA991F788527}.Debug|Any CPU.Build.0 = Debug|Any CPU
		{949AC5C1-9540-41ED-8B0F-BA991F788527}.Release|Any CPU.ActiveCfg = Release|Any CPU
		{949AC5C1-9540-41ED-8B0F-BA991F788527}.Release|Any CPU.Build.0 = Release|Any CPU
		{E1A59A03-0276-4479-91E7-FAD1A6258298}.Debug|Any CPU.ActiveCfg = Debug|Any CPU
		{E1A59A03-0276-4479-91E7-FAD1A6258298}.Debug|Any CPU.Build.0 = Debug|Any CPU
		{E1A59A03-0276-4479-91E7-FAD1A6258298}.Release|Any CPU.ActiveCfg = Release|Any CPU
		{E1A59A03-0276-4479-91E7-FAD1A6258298}.Release|Any CPU.Build.0 = Release|Any CPU
		{86F6166F-11B7-4C75-85B1-39CA51FF53DB}.Debug|Any CPU.ActiveCfg = Debug|Any CPU
		{86F6166F-11B7-4C75-85B1-39CA51FF53DB}.Debug|Any CPU.Build.0 = Debug|Any CPU
		{86F6166F-11B7-4C75-85B1-39CA51FF53DB}.Release|Any CPU.ActiveCfg = Release|Any CPU
		{86F6166F-11B7-4C75-85B1-39CA51FF53DB}.Release|Any CPU.Build.0 = Release|Any CPU
		{BE150A43-DA6B-41A8-BDC3-225102712A69}.Debug|Any CPU.ActiveCfg = Debug|Any CPU
		{BE150A43-DA6B-41A8-BDC3-225102712A69}.Debug|Any CPU.Build.0 = Debug|Any CPU
		{BE150A43-DA6B-41A8-BDC3-225102712A69}.Release|Any CPU.ActiveCfg = Release|Any CPU
		{BE150A43-DA6B-41A8-BDC3-225102712A69}.Release|Any CPU.Build.0 = Release|Any CPU
		{53F5F742-C2A5-41FB-99DD-5BDE64E9954F}.Debug|Any CPU.ActiveCfg = Debug|Any CPU
		{53F5F742-C2A5-41FB-99DD-5BDE64E9954F}.Debug|Any CPU.Build.0 = Debug|Any CPU
		{53F5F742-C2A5-41FB-99DD-5BDE64E9954F}.Release|Any CPU.ActiveCfg = Release|Any CPU
		{53F5F742-C2A5-41FB-99DD-5BDE64E9954F}.Release|Any CPU.Build.0 = Release|Any CPU
		{57F4FEDD-B405-4F4B-A98C-5D4FA76902A8}.Debug|Any CPU.ActiveCfg = Debug|Any CPU
		{57F4FEDD-B405-4F4B-A98C-5D4FA76902A8}.Debug|Any CPU.Build.0 = Debug|Any CPU
		{57F4FEDD-B405-4F4B-A98C-5D4FA76902A8}.Release|Any CPU.ActiveCfg = Release|Any CPU
		{57F4FEDD-B405-4F4B-A98C-5D4FA76902A8}.Release|Any CPU.Build.0 = Release|Any CPU
		{B5202639-F0D7-4A28-B37B-1D85FF7EAF44}.Debug|Any CPU.ActiveCfg = Debug|Any CPU
		{B5202639-F0D7-4A28-B37B-1D85FF7EAF44}.Debug|Any CPU.Build.0 = Debug|Any CPU
		{B5202639-F0D7-4A28-B37B-1D85FF7EAF44}.Release|Any CPU.ActiveCfg = Release|Any CPU
		{B5202639-F0D7-4A28-B37B-1D85FF7EAF44}.Release|Any CPU.Build.0 = Release|Any CPU
		{98D8AC39-FF1A-4AA1-85E9-363E0085FFAE}.Debug|Any CPU.ActiveCfg = Debug|Any CPU
		{98D8AC39-FF1A-4AA1-85E9-363E0085FFAE}.Debug|Any CPU.Build.0 = Debug|Any CPU
		{98D8AC39-FF1A-4AA1-85E9-363E0085FFAE}.Release|Any CPU.ActiveCfg = Release|Any CPU
		{98D8AC39-FF1A-4AA1-85E9-363E0085FFAE}.Release|Any CPU.Build.0 = Release|Any CPU
		{718A0218-8138-424B-B1A6-3167E5C96D69}.Debug|Any CPU.ActiveCfg = Debug|Any CPU
		{718A0218-8138-424B-B1A6-3167E5C96D69}.Debug|Any CPU.Build.0 = Debug|Any CPU
		{718A0218-8138-424B-B1A6-3167E5C96D69}.Release|Any CPU.ActiveCfg = Release|Any CPU
		{718A0218-8138-424B-B1A6-3167E5C96D69}.Release|Any CPU.Build.0 = Release|Any CPU
		{7E454731-66F2-4B05-9348-29F4BB3E5C07}.Debug|Any CPU.ActiveCfg = Debug|Any CPU
		{7E454731-66F2-4B05-9348-29F4BB3E5C07}.Debug|Any CPU.Build.0 = Debug|Any CPU
		{7E454731-66F2-4B05-9348-29F4BB3E5C07}.Release|Any CPU.ActiveCfg = Release|Any CPU
		{7E454731-66F2-4B05-9348-29F4BB3E5C07}.Release|Any CPU.Build.0 = Release|Any CPU
	EndGlobalSection
	GlobalSection(SolutionProperties) = preSolution
		HideSolutionNode = FALSE
	EndGlobalSection
	GlobalSection(ExtensibilityGlobals) = postSolution
		SolutionGuid = {B46544A2-D2AD-4A09-9762-3FFD99B2158B}
	EndGlobalSection
EndGlobal
