
Microsoft Visual Studio Solution File, Format Version 12.00
# Visual Studio Version 17
VisualStudioVersion = 17.2.32616.157
MinimumVisualStudioVersion = 10.0.40219.1
Project("{9A19103F-16F7-4668-BE54-9A1E7A4F7556}") = "LibrarianTests", "LibrarianTests\LibrarianTests.csproj", "{99362596-CAAE-4D57-B303-D13204650857}"
EndProject
Project("{9A19103F-16F7-4668-BE54-9A1E7A4F7556}") = "Librarian", "Librarian\Librarian.csproj", "{D40536BC-16E3-4650-B09F-C81BBB702DDC}"
EndProject
Global
	GlobalSection(SolutionConfigurationPlatforms) = preSolution
		Debug|Any CPU = Debug|Any CPU
		Release|Any CPU = Release|Any CPU
	EndGlobalSection
	GlobalSection(ProjectConfigurationPlatforms) = postSolution
		{99362596-CAAE-4D57-B303-D13204650857}.Debug|Any CPU.ActiveCfg = Debug|Any CPU
		{99362596-CAAE-4D57-B303-D13204650857}.Debug|Any CPU.Build.0 = Debug|Any CPU
		{99362596-CAAE-4D57-B303-D13204650857}.Release|Any CPU.ActiveCfg = Release|Any CPU
		{99362596-CAAE-4D57-B303-D13204650857}.Release|Any CPU.Build.0 = Release|Any CPU
		{D40536BC-16E3-4650-B09F-C81BBB702DDC}.Debug|Any CPU.ActiveCfg = Debug|Any CPU
		{D40536BC-16E3-4650-B09F-C81BBB702DDC}.Debug|Any CPU.Build.0 = Debug|Any CPU
		{D40536BC-16E3-4650-B09F-C81BBB702DDC}.Release|Any CPU.ActiveCfg = Release|Any CPU
		{D40536BC-16E3-4650-B09F-C81BBB702DDC}.Release|Any CPU.Build.0 = Release|Any CPU
	EndGlobalSection
	GlobalSection(SolutionProperties) = preSolution
		HideSolutionNode = FALSE
	EndGlobalSection
	GlobalSection(ExtensibilityGlobals) = postSolution
		SolutionGuid = {B46544A2-D2AD-4A09-9762-3FFD99B2158B}
	EndGlobalSection
EndGlobal
